
Microsoft Visual Studio Solution File, Format Version 12.00
# Visual Studio Version 17
VisualStudioVersion = 17.2.32616.157
MinimumVisualStudioVersion = 10.0.40219.1
Project("{FAE04EC0-301F-11D3-BF4B-00C04F79EFBC}") = "characters problem", "characters problem\characters problem.csproj", "{C30FC979-5E45-4AF2-B50A-3B2B929FE883}"
EndProject
Global
	GlobalSection(SolutionConfigurationPlatforms) = preSolution
		Debug|Any CPU = Debug|Any CPU
		Release|Any CPU = Release|Any CPU
	EndGlobalSection
	GlobalSection(ProjectConfigurationPlatforms) = postSolution
		{C30FC979-5E45-4AF2-B50A-3B2B929FE883}.Debug|Any CPU.ActiveCfg = Debug|Any CPU
		{C30FC979-5E45-4AF2-B50A-3B2B929FE883}.Debug|Any CPU.Build.0 = Debug|Any CPU
		{C30FC979-5E45-4AF2-B50A-3B2B929FE883}.Release|Any CPU.ActiveCfg = Release|Any CPU
		{C30FC979-5E45-4AF2-B50A-3B2B929FE883}.Release|Any CPU.Build.0 = Release|Any CPU
	EndGlobalSection
	GlobalSection(SolutionProperties) = preSolution
		HideSolutionNode = FALSE
	EndGlobalSection
	GlobalSection(ExtensibilityGlobals) = postSolution
		SolutionGuid = {D886BC90-792F-4073-8271-05DDEBCDB834}
	EndGlobalSection
EndGlobal
